github.com/3JoB/ulib v1.5.2 h1:68J50OehubWe7ZEEb5huX0h9iVn0mw6bwKA1DgPi4SI=
github.com/3JoB/ulib v1.5.2/go.mod h1:Onqabb/ic8UBjaypyzkd7m5Pq3t4QNagrbSxPJhZUyk=
github.com/3JoB/unsafeConvert v0.0.1 h1:2YouOKliR6oAz7TceZYa069RcGtZ+FGdMJetIjaA1wg=
github.com/3JoB/unsafeConvert v0.0.1/go.mod h1:iSvh1grSkQOJuPRGhfBJbG++/Z/0oHN11E4bePIbfd0=
github.com/goccy/go-json v0.10.0 h1:mXKd9Qw4NuzShiRlOXKews24ufknHO7gx30lsDyokKA=
github.com/goccy/go-json v0.10.0/go.mod h1:6MelG93GURQebXPDq3khkgXZkazVtN9CRI+MGFi0w8I=
github.com/goccy/go-reflect v1.2.0 h1:O0T8rZCuNmGXewnATuKYnkL0xm6o8UNOJZd/gOkb9ms=
github.com/goccy/go-reflect v1.2.0/go.mod h1:n0oYZn8VcV2CkWTxi8B9QjkCoq6GTtCEdfmR66YhFtE=
golang.org/x/mod v0.8.0 h1:LUYupSeNrTNCGzR/hVBk2NHZO4hXcVaW1k4Qx7rjPx8=
golang.org/x/sys v0.5.0 h1:MUK/U/4lj1t1oPg0HfuXDN/Z1wv31ZJ/YcPiGccS4DU=
golang.org/x/tools v0.6.0 h1:BOw41kyTf3PuCW1pVQf8+Cyg8pMlkYB1oo9iJ6D/lKM=
golang.org/x/tools v0.6.0/go.mod h1:Xwgl3UAJ/d3gWutnCtw505GrjyAbvKui8lOU390QaIU=
